PODS:
  - Capacitor (8.5.2):
    - CapacitorCordova
  - CapacitorBarcodeScanner (3.1.2):
    - Capacitor
    - OSBarcodeLib (= 2.2.1)
  - CapacitorCamera (8.2.4):
    - Capacitor
    - IONCameraLib (~> 2.0.0)
  - CapacitorCordova (8.5.2)
  - CapacitorFilesystem (8.1.2):
    - Capacitor
    - IONFilesystemLib (~> 1.1.1)
  - IONCameraLib (2.0.0)
  - IONFilesystemLib (1.1.4)
  - OSBarcodeLib (2.2.1)

DEPENDENCIES:
  - "Capacitor (from `../../node_modules/@capacitor/ios`)"
  - "CapacitorBarcodeScanner (from `../../node_modules/@capacitor/barcode-scanner`)"
  - "CapacitorCamera (from `../../node_modules/@capacitor/camera`)"
  - "CapacitorCordova (from `../../node_modules/@capacitor/ios`)"
  - "CapacitorFilesystem (from `../../node_modules/@capacitor/filesystem`)"

SPEC REPOS:
  trunk:
    - IONCameraLib
    - IONFilesystemLib
    - OSBarcodeLib

EXTERNAL SOURCES:
  Capacitor:
    :path: "../../node_modules/@capacitor/ios"
  CapacitorBarcodeScanner:
    :path: "../../node_modules/@capacitor/barcode-scanner"
  CapacitorCamera:
    :path: "../../node_modules/@capacitor/camera"
  CapacitorCordova:
    :path: "../../node_modules/@capacitor/ios"
  CapacitorFilesystem:
    :path: "../../node_modules/@capacitor/filesystem"

SPEC CHECKSUMS:
  Capacitor: 89067779e14fb7ea56af07b4817f45d1f0c2a269
  CapacitorBarcodeScanner: 5303eafe141f54916478e6304bd63bf5b916c109
  CapacitorCamera: 4299fe8cf9b2b15e6ad602bce68d063b2008e8be
  CapacitorCordova: 5bec5648cbd09a176ce34ce5e7b6cdabb2c8a327
  CapacitorFilesystem: 2db285a1ac6e475cc27cae2e1bea999000f9e2be
  IONCameraLib: 729cae576e1a952602ce750a9790b6dc7d7e2e95
  IONFilesystemLib: e6610c2b260d15e4b9cb9d5e37a87095479b669e
  OSBarcodeLib: e749f578530593d2e4ea3a2096fecb953fe7a943

PODFILE CHECKSUM: 23d0abe59e1d8b3b025de7f7643c3f3c9f63b2fe

COCOAPODS: 1.16.2
